<?xml version="1.0" encoding="utf-8"?>
<Project ToolsVersion="4.0" xmlns="http://schemas.microsoft.com/developer/msbuild/2003">
  <ItemGroup>
    <ClCompile Include="src\asymmetric_cipher.c" />
    <ClCompile Include="src\debug.c" />
    <ClCompile Include="src\digests.c" />
    <ClCompile Include="src\encoder.c" />
    <ClCompile Include="src\exchange.c" />
    <ClCompile Include="src\interface.c" />
    <ClCompile Include="src\kdf.c" />
    <ClCompile Include="src\provider.c" />
    <ClCompile Include="src\session.c" />
    <ClCompile Include="src\store.c" />
    <ClCompile Include="src\tls.c" />
    <ClCompile Include="src\util.c" />
    <ClCompile Include="src\slot.c" />
    <ClCompile Include="src\random.c" />
    <ClCompile Include="src\decoder.c" />
    <ClCompile Include="src\pk11_uri.c" />
    <ClCompile Include="src\cipher.c" />
    <ClCompile Include="src\sig\ecdsa.c">
      <Filter>sig</Filter>
    </ClCompile>
    <ClCompile Include="src\sig\eddsa.c">
      <Filter>sig</Filter>
    </ClCompile>
    <ClCompile Include="src\sig\mldsa.c">
      <Filter>sig</Filter>
    </ClCompile>
    <ClCompile Include="src\sig\rsasig.c">
      <Filter>sig</Filter>
    </ClCompile>
    <ClCompile Include="src\sig\signature.c">
      <Filter>sig</Filter>
    </ClCompile>
    <ClCompile Include="src\kem.c" />
    <ClCompile Include="src\obj\create.c">
      <Filter>obj</Filter>
    </ClCompile>
    <ClCompile Include="src\obj\fetch.c">
      <Filter>obj</Filter>
    </ClCompile>
    <ClCompile Include="src\obj\keymgmt.c">
      <Filter>obj</Filter>
    </ClCompile>
    <ClCompile Include="src\obj\object.c">
      <Filter>obj</Filter>
    </ClCompile>
    <ClCompile Include="src\obj\pool.c">
      <Filter>obj</Filter>
    </ClCompile>
    <ClCompile Include="src\obj\store.c">
      <Filter>obj</Filter>
    </ClCompile>
    <ClCompile Include="src\obj\export.c">
      <Filter>obj</Filter>
    </ClCompile>
    <ClCompile Include="src\kmgmt\common.c">
      <Filter>kmgmt</Filter>
    </ClCompile>
    <ClCompile Include="src\kmgmt\ec.c">
      <Filter>kmgmt</Filter>
    </ClCompile>
    <ClCompile Include="src\kmgmt\hkdf.c">
      <Filter>kmgmt</Filter>
    </ClCompile>
    <ClCompile Include="src\kmgmt\mldsa.c">
      <Filter>kmgmt</Filter>
    </ClCompile>
    <ClCompile Include="src\kmgmt\mlkem.c">
      <Filter>kmgmt</Filter>
    </ClCompile>
    <ClCompile Include="src\kmgmt\skey.c">
      <Filter>kmgmt</Filter>
    </ClCompile>
    <ClCompile Include="src\kmgmt\rsa.c">
      <Filter>kmgmt</Filter>
    </ClCompile>
  </ItemGroup>
  <ItemGroup>
    <ClInclude Include="src\asymmetric_cipher.h" />
    <ClInclude Include="src\debug.h" />
    <ClInclude Include="src\digests.h" />
    <ClInclude Include="src\encoder.h" />
    <ClInclude Include="src\exchange.h" />
    <ClInclude Include="src\interface.h" />
    <ClInclude Include="src\kdf.h" />
    <ClInclude Include="src\pkcs11.h" />
    <ClInclude Include="src\provider.h" />
    <ClInclude Include="src\session.h" />
    <ClInclude Include="src\store.h" />
    <ClInclude Include="src\util.h" />
    <ClInclude Include="src\platform\windows\win_compat.h">
      <Filter>platform\windows</Filter>
    </ClInclude>
    <ClInclude Include="src\platform\windows\win_atomic.h">
      <Filter>platform\windows</Filter>
    </ClInclude>
    <ClInclude Include="src\platform\windows\win_sync.h">
      <Filter>platform\windows</Filter>
    </ClInclude>
    <ClInclude Include="src\platform\windows\win_dlfcn.h">
      <Filter>platform\windows</Filter>
    </ClInclude>
    <ClInclude Include="src\slot.h" />
    <ClInclude Include="src\random.h" />
    <ClInclude Include="src\decoder.h" />
    <ClInclude Include="src\pk11_uri.h" />
    <ClInclude Include="src\cipher.h" />
    <ClInclude Include="src\sig\internal.h">
      <Filter>sig</Filter>
    </ClInclude>
    <ClInclude Include="src\sig\signature.h">
      <Filter>sig</Filter>
    </ClInclude>
    <ClInclude Include="src\kem.h" />
    <ClInclude Include="src\obj\internal.h">
      <Filter>obj</Filter>
    </ClInclude>
    <ClInclude Include="src\obj\object.h">
      <Filter>obj</Filter>
    </ClInclude>
    <ClInclude Include="src\kmgmt\keymgmt.h">
      <Filter>kmgmt</Filter>
    </ClInclude>
    <ClInclude Include="src\kmgmt\internal.h">
      <Filter>kmgmt</Filter>
    </ClInclude>
    <ClInclude Include="src\kmgmt\skey.h">
      <Filter>kmgmt</Filter>
    </ClInclude>
  </ItemGroup>
  <ItemGroup>
    <Filter Include="platform">
      <UniqueIdentifier>{80051d2d-a908-44a8-8ff8-ff822fd8c444}</UniqueIdentifier>
    </Filter>
    <Filter Include="platform\windows">
      <UniqueIdentifier>{f465a435-fd43-4e78-b445-106297012c1d}</UniqueIdentifier>
    </Filter>
    <Filter Include="sig">
      <UniqueIdentifier>{da4ec1a0-572c-4045-ae92-121aeb5167d3}</UniqueIdentifier>
    </Filter>
    <Filter Include="obj">
      <UniqueIdentifier>{979df036-34cf-4c7c-9913-2fac5a8a278d}</UniqueIdentifier>
    </Filter>
    <Filter Include="kmgmt">
      <UniqueIdentifier>{d486011a-d22c-47f2-ad6a-595cb0199019}</UniqueIdentifier>
    </Filter>
  </ItemGroup>
</Project>